
Microsoft Visual Studio Solution File, Format Version 12.00
# Visual Studio Version 17
VisualStudioVersion = 17.14.37012.4 d17.14
MinimumVisualStudioVersion = 10.0.40219.1
Project("{FAE04EC0-301F-11D3-BF4B-00C04F79EFBC}") = "EmptyGame", "EmptyGame.csproj", "{5C287D46-1DC8-44BE-8ED7-B5F75D0684B4}"
EndProject
Global
	GlobalSection(SolutionConfigurationPlatforms) = preSolution
		Debug|Any CPU = Debug|Any CPU
		Release|Any CPU = Release|Any CPU
	EndGlobalSection
	GlobalSection(ProjectConfigurationPlatforms) = postSolution
		{5C287D46-1DC8-44BE-8ED7-B5F75D0684B4}.Debug|Any CPU.ActiveCfg = Debug|Any CPU
		{5C287D46-1DC8-44BE-8ED7-B5F75D0684B4}.Debug|Any CPU.Build.0 = Debug|Any CPU
		{5C287D46-1DC8-44BE-8ED7-B5F75D0684B4}.Release|Any CPU.ActiveCfg = Release|Any CPU
		{5C287D46-1DC8-44BE-8ED7-B5F75D0684B4}.Release|Any CPU.Build.0 = Release|Any CPU
	EndGlobalSection
	GlobalSection(SolutionProperties) = preSolution
		HideSolutionNode = FALSE
	EndGlobalSection
	GlobalSection(ExtensibilityGlobals) = postSolution
		SolutionGuid = {1D058F88-6096-4E32-B305-CEF8B09A42B6}
	EndGlobalSection
EndGlobal
