
Microsoft Visual Studio Solution File, Format Version 12.00
# Visual Studio Version 17
VisualStudioVersion = 17.14.36121.58 d17.14
MinimumVisualStudioVersion = 10.0.40219.1
Project("{FAE04EC0-301F-11D3-BF4B-00C04F79EFBC}") = "SharpPixel", "SharpPixel.csproj", "{3D2B1976-F7DA-EE2A-6BF0-23F6BCDAE7CD}"
EndProject
Project("{FAE04EC0-301F-11D3-BF4B-00C04F79EFBC}") = "CopilotPixel", "..\CopilotPixel\CopilotPixel.csproj", "{56533D62-3A28-446E-8ED4-F9677B478D51}"
EndProject
Global
	GlobalSection(SolutionConfigurationPlatforms) = preSolution
		Debug|Any CPU = Debug|Any CPU
		Release|Any CPU = Release|Any CPU
	EndGlobalSection
	GlobalSection(ProjectConfigurationPlatforms) = postSolution
		{3D2B1976-F7DA-EE2A-6BF0-23F6BCDAE7CD}.Debug|Any CPU.ActiveCfg = Debug|Any CPU
		{3D2B1976-F7DA-EE2A-6BF0-23F6BCDAE7CD}.Debug|Any CPU.Build.0 = Debug|Any CPU
		{3D2B1976-F7DA-EE2A-6BF0-23F6BCDAE7CD}.Release|Any CPU.ActiveCfg = Release|Any CPU
		{3D2B1976-F7DA-EE2A-6BF0-23F6BCDAE7CD}.Release|Any CPU.Build.0 = Release|Any CPU
		{56533D62-3A28-446E-8ED4-F9677B478D51}.Debug|Any CPU.ActiveCfg = Debug|Any CPU
		{56533D62-3A28-446E-8ED4-F9677B478D51}.Debug|Any CPU.Build.0 = Debug|Any CPU
		{56533D62-3A28-446E-8ED4-F9677B478D51}.Release|Any CPU.ActiveCfg = Release|Any CPU
		{56533D62-3A28-446E-8ED4-F9677B478D51}.Release|Any CPU.Build.0 = Release|Any CPU
	EndGlobalSection
	GlobalSection(SolutionProperties) = preSolution
		HideSolutionNode = FALSE
	EndGlobalSection
	GlobalSection(ExtensibilityGlobals) = postSolution
		SolutionGuid = {6D99842A-FB1A-4F3C-A1B8-DDD7E79234CF}
	EndGlobalSection
EndGlobal
